
Microsoft Visual Studio Solution File, Format Version 12.00
# Visual Studio Version 17
VisualStudioVersion = 17.0.31903.59
MinimumVisualStudioVersion = 10.0.40219.1
Project("{FAE04EC0-301F-11D3-BF4B-00C04F79EFBC}") = "StorageLib", "StorageLib\StorageLib.csproj", "{1B7661E0-D7B1-49F4-8D2A-2446A84D397E}"
EndProject
Project("{FAE04EC0-301F-11D3-BF4B-00C04F79EFBC}") = "Console", "Console\Console.csproj", "{1FC167F2-C26B-4246-A24A-8D1E4618BBB0}"
EndProject
Project("{FAE04EC0-301F-11D3-BF4B-00C04F79EFBC}") = "Benchmarking", "Benchmarking\Benchmarking.csproj", "{5E328364-AC69-4DF3-A05E-3497BFAA9E5A}"
EndProject
Global
	GlobalSection(SolutionConfigurationPlatforms) = preSolution
		Debug|Any CPU = Debug|Any CPU
		Release|Any CPU = Release|Any CPU
	EndGlobalSection
	GlobalSection(SolutionProperties) = preSolution
		HideSolutionNode = FALSE
	EndGlobalSection
	GlobalSection(ProjectConfigurationPlatforms) = postSolution
		{1B7661E0-D7B1-49F4-8D2A-2446A84D397E}.Debug|Any CPU.ActiveCfg = Debug|Any CPU
		{1B7661E0-D7B1-49F4-8D2A-2446A84D397E}.Debug|Any CPU.Build.0 = Debug|Any CPU
		{1B7661E0-D7B1-49F4-8D2A-2446A84D397E}.Release|Any CPU.ActiveCfg = Release|Any CPU
		{1B7661E0-D7B1-49F4-8D2A-2446A84D397E}.Release|Any CPU.Build.0 = Release|Any CPU
		{1FC167F2-C26B-4246-A24A-8D1E4618BBB0}.Debug|Any CPU.ActiveCfg = Debug|Any CPU
		{1FC167F2-C26B-4246-A24A-8D1E4618BBB0}.Debug|Any CPU.Build.0 = Debug|Any CPU
		{1FC167F2-C26B-4246-A24A-8D1E4618BBB0}.Release|Any CPU.ActiveCfg = Release|Any CPU
		{1FC167F2-C26B-4246-A24A-8D1E4618BBB0}.Release|Any CPU.Build.0 = Release|Any CPU
		{5E328364-AC69-4DF3-A05E-3497BFAA9E5A}.Debug|Any CPU.ActiveCfg = Debug|Any CPU
		{5E328364-AC69-4DF3-A05E-3497BFAA9E5A}.Debug|Any CPU.Build.0 = Debug|Any CPU
		{5E328364-AC69-4DF3-A05E-3497BFAA9E5A}.Release|Any CPU.ActiveCfg = Release|Any CPU
		{5E328364-AC69-4DF3-A05E-3497BFAA9E5A}.Release|Any CPU.Build.0 = Release|Any CPU
	EndGlobalSection
EndGlobal
